
Microsoft Visual Studio Solution File, Format Version 12.00
# Visual Studio Version 17
VisualStudioVersion = 17.4.33103.184
MinimumVisualStudioVersion = 10.0.40219.1
Project("{F184B08F-C81C-45F6-A57F-5ABD9991F28F}") = "Kazoku Sushi Restaurant Reservation Application", "Kazoku Sushi Restaurant Application\Kazoku Sushi Restaurant Reservation Application.vbproj", "{1B69A2FB-3899-4B7A-93D7-87A192FA6A56}"
EndProject
Global
	GlobalSection(SolutionConfigurationPlatforms) = preSolution
		Debug|Any CPU = Debug|Any CPU
		Release|Any CPU = Release|Any CPU
	EndGlobalSection
	GlobalSection(ProjectConfigurationPlatforms) = postSolution
		{1B69A2FB-3899-4B7A-93D7-87A192FA6A56}.Debug|Any CPU.ActiveCfg = Debug|Any CPU
		{1B69A2FB-3899-4B7A-93D7-87A192FA6A56}.Debug|Any CPU.Build.0 = Debug|Any CPU
		{1B69A2FB-3899-4B7A-93D7-87A192FA6A56}.Release|Any CPU.ActiveCfg = Release|Any CPU
		{1B69A2FB-3899-4B7A-93D7-87A192FA6A56}.Release|Any CPU.Build.0 = Release|Any CPU
	EndGlobalSection
	GlobalSection(SolutionProperties) = preSolution
		HideSolutionNode = FALSE
	EndGlobalSection
	GlobalSection(ExtensibilityGlobals) = postSolution
		SolutionGuid = {220B47F1-C1A3-40CB-9F15-171567FD3BA5}
	EndGlobalSection
EndGlobal
